
Microsoft Visual Studio Solution File, Format Version 12.00
# Visual Studio Version 17
VisualStudioVersion = 17.5.33516.290
MinimumVisualStudioVersion = 10.0.40219.1
Project("{FAE04EC0-301F-11D3-BF4B-00C04F79EFBC}") = "JWTApplicationTest", "JWTApplicationTest\JWTApplicationTest.csproj", "{48B56A39-3292-49DC-9B96-C47EF7572518}"
EndProject
Global
	GlobalSection(SolutionConfigurationPlatforms) = preSolution
		Debug|Any CPU = Debug|Any CPU
		Release|Any CPU = Release|Any CPU
	EndGlobalSection
	GlobalSection(ProjectConfigurationPlatforms) = postSolution
		{48B56A39-3292-49DC-9B96-C47EF7572518}.Debug|Any CPU.ActiveCfg = Debug|Any CPU
		{48B56A39-3292-49DC-9B96-C47EF7572518}.Debug|Any CPU.Build.0 = Debug|Any CPU
		{48B56A39-3292-49DC-9B96-C47EF7572518}.Release|Any CPU.ActiveCfg = Release|Any CPU
		{48B56A39-3292-49DC-9B96-C47EF7572518}.Release|Any CPU.Build.0 = Release|Any CPU
	EndGlobalSection
	GlobalSection(SolutionProperties) = preSolution
		HideSolutionNode = FALSE
	EndGlobalSection
	GlobalSection(ExtensibilityGlobals) = postSolution
		SolutionGuid = {8EC1CD64-DFFB-49BB-9B94-C443A8A8B28B}
	EndGlobalSection
EndGlobal
